
Microsoft Visual Studio Solution File, Format Version 12.00
# Visual Studio Version 17
VisualStudioVersion = 17.7.34009.444
MinimumVisualStudioVersion = 10.0.40219.1
Project("{FAE04EC0-301F-11D3-BF4B-00C04F79EFBC}") = "MyFirstApp_Roferos", "MyFirstApp_Roferos\MyFirstApp_Roferos.csproj", "{8D318EBA-29E8-4834-98DB-B8B5A0FAAE58}"
EndProject
Global
	GlobalSection(SolutionConfigurationPlatforms) = preSolution
		Debug|Any CPU = Debug|Any CPU
		Release|Any CPU = Release|Any CPU
	EndGlobalSection
	GlobalSection(ProjectConfigurationPlatforms) = postSolution
		{8D318EBA-29E8-4834-98DB-B8B5A0FAAE58}.Debug|Any CPU.ActiveCfg = Debug|Any CPU
		{8D318EBA-29E8-4834-98DB-B8B5A0FAAE58}.Debug|Any CPU.Build.0 = Debug|Any CPU
		{8D318EBA-29E8-4834-98DB-B8B5A0FAAE58}.Debug|Any CPU.Deploy.0 = Debug|Any CPU
		{8D318EBA-29E8-4834-98DB-B8B5A0FAAE58}.Release|Any CPU.ActiveCfg = Release|Any CPU
		{8D318EBA-29E8-4834-98DB-B8B5A0FAAE58}.Release|Any CPU.Build.0 = Release|Any CPU
		{8D318EBA-29E8-4834-98DB-B8B5A0FAAE58}.Release|Any CPU.Deploy.0 = Release|Any CPU
	EndGlobalSection
	GlobalSection(SolutionProperties) = preSolution
		HideSolutionNode = FALSE
	EndGlobalSection
	GlobalSection(ExtensibilityGlobals) = postSolution
		SolutionGuid = {3BD7974E-9E94-48A6-BE99-E99AB4C8A389}
	EndGlobalSection
EndGlobal
